
Microsoft Visual Studio Solution File, Format Version 12.00
# Visual Studio Version 17
VisualStudioVersion = 17.10.35027.167
MinimumVisualStudioVersion = 10.0.40219.1
Project("{2150E333-8FDC-42A3-9474-1A3956D46DE8}") = "src", "src", "{860CF680-57E8-4B26-9CFD-84D064986C3F}"
EndProject
Project("{2150E333-8FDC-42A3-9474-1A3956D46DE8}") = "test", "test", "{E662F146-43F7-4BA8-A1E4-2FC91ADCB9AA}"
EndProject
Project("{2150E333-8FDC-42A3-9474-1A3956D46DE8}") = "API", "API", "{22C08C9D-6347-4525-BE6A-95E2204DEE5A}"
EndProject
Project("{2150E333-8FDC-42A3-9474-1A3956D46DE8}") = "Core", "Core", "{3FB21BFF-706F-4AF6-8AB1-DD980131940A}"
EndProject
Project("{2150E333-8FDC-42A3-9474-1A3956D46DE8}") = "Infrastructure", "Infrastructure", "{8A5F878A-3036-4B26-8AAB-A8CEFF608BA8}"
EndProject
Project("{9A19103F-16F7-4668-BE54-9A1E7A4F7556}") = "SaaSFileManager.Domain", "SaaSFileManager.Domain\SaaSFileManager.Domain.csproj", "{39172957-BD36-4D44-9A3C-EDFCC38F94DC}"
EndProject
Project("{2150E333-8FDC-42A3-9474-1A3956D46DE8}") = "Solution Items", "Solution Items", "{AE3A25F6-CE7B-4C0B-B2FE-09CC303B85D7}"
	ProjectSection(SolutionItems) = preProject
		.gitignore = .gitignore
	EndProjectSection
EndProject
Project("{9A19103F-16F7-4668-BE54-9A1E7A4F7556}") = "SaaSFileManager.Application", "SaaSFileManager.Application\SaaSFileManager.Application.csproj", "{8680442A-F4A6-4C5A-8003-0BC863190EFF}"
EndProject
Project("{FAE04EC0-301F-11D3-BF4B-00C04F79EFBC}") = "SaaSFileManager.Persistence", "SaaSFileManager.Persistence\SaaSFileManager.Persistence.csproj", "{23A91D1E-D9D0-4E28-B15E-5D425FB438BF}"
EndProject
Global
	GlobalSection(SolutionConfigurationPlatforms) = preSolution
		Debug|Any CPU = Debug|Any CPU
		Release|Any CPU = Release|Any CPU
	EndGlobalSection
	GlobalSection(ProjectConfigurationPlatforms) = postSolution
		{39172957-BD36-4D44-9A3C-EDFCC38F94DC}.Debug|Any CPU.ActiveCfg = Debug|Any CPU
		{39172957-BD36-4D44-9A3C-EDFCC38F94DC}.Debug|Any CPU.Build.0 = Debug|Any CPU
		{39172957-BD36-4D44-9A3C-EDFCC38F94DC}.Release|Any CPU.ActiveCfg = Release|Any CPU
		{39172957-BD36-4D44-9A3C-EDFCC38F94DC}.Release|Any CPU.Build.0 = Release|Any CPU
		{8680442A-F4A6-4C5A-8003-0BC863190EFF}.Debug|Any CPU.ActiveCfg = Debug|Any CPU
		{8680442A-F4A6-4C5A-8003-0BC863190EFF}.Debug|Any CPU.Build.0 = Debug|Any CPU
		{8680442A-F4A6-4C5A-8003-0BC863190EFF}.Release|Any CPU.ActiveCfg = Release|Any CPU
		{8680442A-F4A6-4C5A-8003-0BC863190EFF}.Release|Any CPU.Build.0 = Release|Any CPU
		{23A91D1E-D9D0-4E28-B15E-5D425FB438BF}.Debug|Any CPU.ActiveCfg = Debug|Any CPU
		{23A91D1E-D9D0-4E28-B15E-5D425FB438BF}.Debug|Any CPU.Build.0 = Debug|Any CPU
		{23A91D1E-D9D0-4E28-B15E-5D425FB438BF}.Release|Any CPU.ActiveCfg = Release|Any CPU
		{23A91D1E-D9D0-4E28-B15E-5D425FB438BF}.Release|Any CPU.Build.0 = Release|Any CPU
	EndGlobalSection
	GlobalSection(SolutionProperties) = preSolution
		HideSolutionNode = FALSE
	EndGlobalSection
	GlobalSection(NestedProjects) = preSolution
		{22C08C9D-6347-4525-BE6A-95E2204DEE5A} = {860CF680-57E8-4B26-9CFD-84D064986C3F}
		{3FB21BFF-706F-4AF6-8AB1-DD980131940A} = {860CF680-57E8-4B26-9CFD-84D064986C3F}
		{8A5F878A-3036-4B26-8AAB-A8CEFF608BA8} = {860CF680-57E8-4B26-9CFD-84D064986C3F}
		{39172957-BD36-4D44-9A3C-EDFCC38F94DC} = {3FB21BFF-706F-4AF6-8AB1-DD980131940A}
		{8680442A-F4A6-4C5A-8003-0BC863190EFF} = {3FB21BFF-706F-4AF6-8AB1-DD980131940A}
		{23A91D1E-D9D0-4E28-B15E-5D425FB438BF} = {8A5F878A-3036-4B26-8AAB-A8CEFF608BA8}
	EndGlobalSection
	GlobalSection(ExtensibilityGlobals) = postSolution
		SolutionGuid = {F7A72131-87A0-427B-9530-E6351D3FB83C}
	EndGlobalSection
EndGlobal
